
Microsoft Visual Studio Solution File, Format Version 12.00
# Visual Studio Version 17
VisualStudioVersion = 17.5.33627.172
MinimumVisualStudioVersion = 10.0.40219.1
Project("{8BC9CEB8-8B4A-11D0-8D11-00A0C91BC942}") = "BullsAndCows", "BullsAndCows\BullsAndCows.vcxproj", "{E4E821C8-6B2E-48BE-BE1B-1133560C0095}"
EndProject
Global
	GlobalSection(SolutionConfigurationPlatforms) = preSolution
		Debug|x64 = Debug|x64
		Debug|x86 = Debug|x86
		Release|x64 = Release|x64
		Release|x86 = Release|x86
	EndGlobalSection
	GlobalSection(ProjectConfigurationPlatforms) = postSolution
		{E4E821C8-6B2E-48BE-BE1B-1133560C0095}.Debug|x64.ActiveCfg = Debug|x64
		{E4E821C8-6B2E-48BE-BE1B-1133560C0095}.Debug|x64.Build.0 = Debug|x64
		{E4E821C8-6B2E-48BE-BE1B-1133560C0095}.Debug|x86.ActiveCfg = Debug|Win32
		{E4E821C8-6B2E-48BE-BE1B-1133560C0095}.Debug|x86.Build.0 = Debug|Win32
		{E4E821C8-6B2E-48BE-BE1B-1133560C0095}.Release|x64.ActiveCfg = Release|x64
		{E4E821C8-6B2E-48BE-BE1B-1133560C0095}.Release|x64.Build.0 = Release|x64
		{E4E821C8-6B2E-48BE-BE1B-1133560C0095}.Release|x86.ActiveCfg = Release|Win32
		{E4E821C8-6B2E-48BE-BE1B-1133560C0095}.Release|x86.Build.0 = Release|Win32
	EndGlobalSection
	GlobalSection(SolutionProperties) = preSolution
		HideSolutionNode = FALSE
	EndGlobalSection
	GlobalSection(ExtensibilityGlobals) = postSolution
		SolutionGuid = {717C9181-F564-4E79-9DB9-BED729757FCF}
	EndGlobalSection
EndGlobal
